// !$*UTF8*$!
{
	archiveVersion = 1;
	classes = {
	};
	objectVersion = 46;
	objects = {

/* Begin PBXBuildFile section */
		61A6A3F01DF9291C00EDCFE9 /* AppDelegate.swift in Sources */ = {isa = PBXBuildFile; fileRef = 61A6A3EF1DF9291C00EDCFE9 /* AppDelegate.swift */; };
		61A6A3F21DF9291C00EDCFE9 /* ViewController.swift in Sources */ = {isa = PBXBuildFile; fileRef = 61A6A3F11DF9291C00EDCFE9 /* ViewController.swift */; };
		61A6A3F51DF9291C00EDCFE9 /* Main.storyboard in Resources */ = {isa = PBXBuildFile; fileRef = 61A6A3F31DF9291C00EDCFE9 /* Main.storyboard */; };
		61A6A3F71DF9291C00EDCFE9 /* Assets.xcassets in Resources */ = {isa = PBXBuildFile; fileRef = 61A6A3F61DF9291C00EDCFE9 /* Assets.xcassets */; };
		61A6A3FA1DF9291C00EDCFE9 /* LaunchScreen.storyboard in Resources */ = {isa = PBXBuildFile; fileRef = 61A6A3F81DF9291C00EDCFE9 /* LaunchScreen.storyboard */; };
		61A6A4051DF9291C00EDCFE9 /* CALK5Tests.swift in Sources */ = {isa = PBXBuildFile; fileRef = 61A6A4041DF9291C00EDCFE9 /* CALK5Tests.swift */; };
		61A6A4101DF9291C00EDCFE9 /* CALK5UITests.swift in Sources */ = {isa = PBXBuildFile; fileRef = 61A6A40F1DF9291C00EDCFE9 /* CALK5UITests.swift */; };
/* End PBXBuildFile section */

/* Begin PBXContainerItemProxy section */
		61A6A4011DF9291C00EDCFE9 /* PBXContainerItemProxy */ = {
			isa = PBXContainerItemProxy;
			containerPortal = 61A6A3E41DF9291C00EDCFE9 /* Project object */;
			proxyType = 1;
			remoteGlobalIDString = 61A6A3EB1DF9291C00EDCFE9;
			remoteInfo = CALK5;
		};
		61A6A40C1DF9291C00EDCFE9 /* PBXContainerItemProxy */ = {
			isa = PBXContainerItemProxy;
			containerPortal = 61A6A3E41DF9291C00EDCFE9 /* Project object */;
			proxyType = 1;
			remoteGlobalIDString = 61A6A3EB1DF9291C00EDCFE9;
			remoteInfo = CALK5;
		};
/* End PBXContainerItemProxy section */

/* Begin PBXFileReference section */
		61A6A3EC1DF9291C00EDCFE9 /* CALK5.app */ = {isa = PBXFileReference; explicitFileType = wrapper.application; includeInIndex = 0; path = CALK5.app; sourceTree = BUILT_PRODUCTS_DIR; };
		61A6A3EF1DF9291C00EDCFE9 /* AppDelegate.swift */ = {isa = PBXFileReference; lastKnownFileType = sourcecode.swift; path = AppDelegate.swift; sourceTree = "<group>"; };
		61A6A3F11DF9291C00EDCFE9 /* ViewController.swift */ = {isa = PBXFileReference; lastKnownFileType = sourcecode.swift; path = ViewController.swift; sourceTree = "<group>"; };
		61A6A3F41DF9291C00EDCFE9 /* Base */ = {isa = PBXFileReference; lastKnownFileType = file.storyboard; name = Base; path = Base.lproj/Main.storyboard; sourceTree = "<group>"; };
		61A6A3F61DF9291C00EDCFE9 /* Assets.xcassets */ = {isa = PBXFileReference; lastKnownFileType = folder.assetcatalog; path = Assets.xcassets; sourceTree = "<group>"; };
		61A6A3F91DF9291C00EDCFE9 /* Base */ = {isa = PBXFileReference; lastKnownFileType = file.storyboard; name = Base; path = Base.lproj/LaunchScreen.storyboard; sourceTree = "<group>"; };
		61A6A3FB1DF9291C00EDCFE9 /* Info.plist */ = {isa = PBXFileReference; lastKnownFileType = text.plist.xml; path = Info.plist; sourceTree = "<group>"; };
		61A6A4001DF9291C00EDCFE9 /* CALK5Tests.xctest */ = {isa = PBXFileReference; explicitFileType = wrapper.cfbundle; includeInIndex = 0; path = CALK5Tests.xctest; sourceTree = BUILT_PRODUCTS_DIR; };
		61A6A4041DF9291C00EDCFE9 /* CALK5Tests.swift */ = {isa = PBXFileReference; lastKnownFileType = sourcecode.swift; path = CALK5Tests.swift; sourceTree = "<group>"; };
		61A6A4061DF9291C00EDCFE9 /* Info.plist */ = {isa = PBXFileReference; lastKnownFileType = text.plist.xml; path = Info.plist; sourceTree = "<group>"; };
		61A6A40B1DF9291C00EDCFE9 /* CALK5UITests.xctest */ = {isa = PBXFileReference; explicitFileType = wrapper.cfbundle; includeInIndex = 0; path = CALK5UITests.xctest; sourceTree = BUILT_PRODUCTS_DIR; };
		61A6A40F1DF9291C00EDCFE9 /* CALK5UITests.swift */ = {isa = PBXFileReference; lastKnownFileType = sourcecode.swift; path = CALK5UITests.swift; sourceTree = "<group>"; };
		61A6A4111DF9291C00EDCFE9 /* Info.plist */ = {isa = PBXFileReference; lastKnownFileType = text.plist.xml; path = Info.plist; sourceTree = "<group>"; };
/* End PBXFileReference section */

/* Begin PBXFrameworksBuildPhase section */
		61A6A3E91DF9291C00EDCFE9 /* Frameworks */ = {
			isa = PBXFrameworksBuildPhase;
			buildActionMask = 2147483647;
			files = (
			);
			runOnlyForDeploymentPostprocessing = 0;
		};
		61A6A3FD1DF9291C00EDCFE9 /* Frameworks */ = {
			isa = PBXFrameworksBuildPhase;
			buildActionMask = 2147483647;
			files = (
			);
			runOnlyForDeploymentPostprocessing = 0;
		};
		61A6A4081DF9291C00EDCFE9 /* Frameworks */ = {
			isa = PBXFrameworksBuildPhase;
			buildActionMask = 2147483647;
			files = (
			);
			runOnlyForDeploymentPostprocessing = 0;
		};
/* End PBXFrameworksBuildPhase section */

/* Begin PBXGroup section */
		61A6A3E31DF9291C00EDCFE9 = {
			isa = PBXGroup;
			children = (
				61A6A3EE1DF9291C00EDCFE9 /* CALK5 */,
				61A6A4031DF9291C00EDCFE9 /* CALK5Tests */,
				61A6A40E1DF9291C00EDCFE9 /* CALK5UITests */,
				61A6A3ED1DF9291C00EDCFE9 /* Products */,
			);
			sourceTree = "<group>";
		};
		61A6A3ED1DF9291C00EDCFE9 /* Products */ = {
			isa = PBXGroup;
			children = (
				61A6A3EC1DF9291C00EDCFE9 /* CALK5.app */,
				61A6A4001DF9291C00EDCFE9 /* CALK5Tests.xctest */,
				61A6A40B1DF9291C00EDCFE9 /* CALK5UITests.xctest */,
			);
			name = Products;
			sourceTree = "<group>";
		};
		61A6A3EE1DF9291C00EDCFE9 /* CALK5 */ = {
			isa = PBXGroup;
			children = (
				61A6A3EF1DF9291C00EDCFE9 /* AppDelegate.swift */,
				61A6A3F11DF9291C00EDCFE9 /* ViewController.swift */,
				61A6A3F31DF9291C00EDCFE9 /* Main.storyboard */,
				61A6A3F61DF9291C00EDCFE9 /* Assets.xcassets */,
				61A6A3F81DF9291C00EDCFE9 /* LaunchScreen.storyboard */,
				61A6A3FB1DF9291C00EDCFE9 /* Info.plist */,
			);
			path = CALK5;
			sourceTree = "<group>";
		};
		61A6A4031DF9291C00EDCFE9 /* CALK5Tests */ = {
			isa = PBXGroup;
			children = (
				61A6A4041DF9291C00EDCFE9 /* CALK5Tests.swift */,
				61A6A4061DF9291C00EDCFE9 /* Info.plist */,
			);
			path = CALK5Tests;
			sourceTree = "<group>";
		};
		61A6A40E1DF9291C00EDCFE9 /* CALK5UITests */ = {
			isa = PBXGroup;
			children = (
				61A6A40F1DF9291C00EDCFE9 /* CALK5UITests.swift */,
				61A6A4111DF9291C00EDCFE9 /* Info.plist */,
			);
			path = CALK5UITests;
			sourceTree = "<group>";
		};
/* End PBXGroup section */

/* Begin PBXNativeTarget section */
		61A6A3EB1DF9291C00EDCFE9 /* CALK5 */ = {
			isa = PBXNativeTarget;
			buildConfigurationList = 61A6A4141DF9291C00EDCFE9 /* Build configuration list for PBXNativeTarget "CALK5" */;
			buildPhases = (
				61A6A3E81DF9291C00EDCFE9 /* Sources */,
				61A6A3E91DF9291C00EDCFE9 /* Frameworks */,
				61A6A3EA1DF9291C00EDCFE9 /* Resources */,
			);
			buildRules = (
			);
			dependencies = (
			);
			name = CALK5;
			productName = CALK5;
			productReference = 61A6A3EC1DF9291C00EDCFE9 /* CALK5.app */;
			productType = "com.apple.product-type.application";
		};
		61A6A3FF1DF9291C00EDCFE9 /* CALK5Tests */ = {
			isa = PBXNativeTarget;
			buildConfigurationList = 61A6A4171DF9291C00EDCFE9 /* Build configuration list for PBXNativeTarget "CALK5Tests" */;
			buildPhases = (
				61A6A3FC1DF9291C00EDCFE9 /* Sources */,
				61A6A3FD1DF9291C00EDCFE9 /* Frameworks */,
				61A6A3FE1DF9291C00EDCFE9 /* Resources */,
			);
			buildRules = (
			);
			dependencies = (
				61A6A4021DF9291C00EDCFE9 /* PBXTargetDependency */,
			);
			name = CALK5Tests;
			productName = CALK5Tests;
			productReference = 61A6A4001DF9291C00EDCFE9 /* CALK5Tests.xctest */;
			productType = "com.apple.product-type.bundle.unit-test";
		};
		61A6A40A1DF9291C00EDCFE9 /* CALK5UITests */ = {
			isa = PBXNativeTarget;
			buildConfigurationList = 61A6A41A1DF9291C00EDCFE9 /* Build configuration list for PBXNativeTarget "CALK5UITests" */;
			buildPhases = (
				61A6A4071DF9291C00EDCFE9 /* Sources */,
				61A6A4081DF9291C00EDCFE9 /* Frameworks */,
				61A6A4091DF9291C00EDCFE9 /* Resources */,
			);
			buildRules = (
			);
			dependencies = (
				61A6A40D1DF9291C00EDCFE9 /* PBXTargetDependency */,
			);
			name = CALK5UITests;
			productName = CALK5UITests;
			productReference = 61A6A40B1DF9291C00EDCFE9 /* CALK5UITests.xctest */;
			productType = "com.apple.product-type.bundle.ui-testing";
		};
/* End PBXNativeTarget section */

/* Begin PBXProject section */
		61A6A3E41DF9291C00EDCFE9 /* Project object */ = {
			isa = PBXProject;
			attributes = {
				LastSwiftUpdateCheck = 0810;
				LastUpgradeCheck = 0810;
				ORGANIZATIONNAME = AppleSucks;
				TargetAttributes = {
					61A6A3EB1DF9291C00EDCFE9 = {
						CreatedOnToolsVersion = 8.1;
						DevelopmentTeam = CZ6V6LX65L;
						ProvisioningStyle = Automatic;
					};
					61A6A3FF1DF9291C00EDCFE9 = {
						CreatedOnToolsVersion = 8.1;
						DevelopmentTeam = CZ6V6LX65L;
						ProvisioningStyle = Automatic;
						TestTargetID = 61A6A3EB1DF9291C00EDCFE9;
					};
					61A6A40A1DF9291C00EDCFE9 = {
						CreatedOnToolsVersion = 8.1;
						DevelopmentTeam = CZ6V6LX65L;
						ProvisioningStyle = Automatic;
						TestTargetID = 61A6A3EB1DF9291C00EDCFE9;
					};
				};
			};
			buildConfigurationList = 61A6A3E71DF9291C00EDCFE9 /* Build configuration list for PBXProject "CALK5" */;
			compatibilityVersion = "Xcode 3.2";
			developmentRegion = English;
			hasScannedForEncodings = 0;
			knownRegions = (
				en,
				Base,
			);
			mainGroup = 61A6A3E31DF9291C00EDCFE9;
			productRefGroup = 61A6A3ED1DF9291C00EDCFE9 /* Products */;
			projectDirPath = "";
			projectRoot = "";
			targets = (
				61A6A3EB1DF9291C00EDCFE9 /* CALK5 */,
				61A6A3FF1DF9291C00EDCFE9 /* CALK5Tests */,
				61A6A40A1DF9291C00EDCFE9 /* CALK5UITests */,
			);
		};
/* End PBXProject section */

/* Begin PBXResourcesBuildPhase section */
		61A6A3EA1DF9291C00EDCFE9 /* Resources */ = {
			isa = PBXResourcesBuildPhase;
			buildActionMask = 2147483647;
			files = (
				61A6A3FA1DF9291C00EDCFE9 /* LaunchScreen.storyboard in Resources */,
				61A6A3F71DF9291C00EDCFE9 /* Assets.xcassets in Resources */,
				61A6A3F51DF9291C00EDCFE9 /* Main.storyboard in Resources */,
			);
			runOnlyForDeploymentPostprocessing = 0;
		};
		61A6A3FE1DF9291C00EDCFE9 /* Resources */ = {
			isa = PBXResourcesBuildPhase;
			buildActionMask = 2147483647;
			files = (
			);
			runOnlyForDeploymentPostprocessing = 0;
		};
		61A6A4091DF9291C00EDCFE9 /* Resources */ = {
			isa = PBXResourcesBuildPhase;
			buildActionMask = 2147483647;
			files = (
			);
			runOnlyForDeploymentPostprocessing = 0;
		};
/* End PBXResourcesBuildPhase section */

/* Begin PBXSourcesBuildPhase section */
		61A6A3E81DF9291C00EDCFE9 /* Sources */ = {
			isa = PBXSourcesBuildPhase;
			buildActionMask = 2147483647;
			files = (
				61A6A3F21DF9291C00EDCFE9 /* ViewController.swift in Sources */,
				61A6A3F01DF9291C00EDCFE9 /* AppDelegate.swift in Sources */,
			);
			runOnlyForDeploymentPostprocessing = 0;
		};
		61A6A3FC1DF9291C00EDCFE9 /* Sources */ = {
			isa = PBXSourcesBuildPhase;
			buildActionMask = 2147483647;
			files = (
				61A6A4051DF9291C00EDCFE9 /* CALK5Tests.swift in Sources */,
			);
			runOnlyForDeploymentPostprocessing = 0;
		};
		61A6A4071DF9291C00EDCFE9 /* Sources */ = {
			isa = PBXSourcesBuildPhase;
			buildActionMask = 2147483647;
			files = (
				61A6A4101DF9291C00EDCFE9 /* CALK5UITests.swift in Sources */,
			);
			runOnlyForDeploymentPostprocessing = 0;
		};
/* End PBXSourcesBuildPhase section */

/* Begin PBXTargetDependency section */
		61A6A4021DF9291C00EDCFE9 /* PBXTargetDependency */ = {
			isa = PBXTargetDependency;
			target = 61A6A3EB1DF9291C00EDCFE9 /* CALK5 */;
			targetProxy = 61A6A4011DF9291C00EDCFE9 /* PBXContainerItemProxy */;
		};
		61A6A40D1DF9291C00EDCFE9 /* PBXTargetDependency */ = {
			isa = PBXTargetDependency;
			target = 61A6A3EB1DF9291C00EDCFE9 /* CALK5 */;
			targetProxy = 61A6A40C1DF9291C00EDCFE9 /* PBXContainerItemProxy */;
		};
/* End PBXTargetDependency section */

/* Begin PBXVariantGroup section */
		61A6A3F31DF9291C00EDCFE9 /* Main.storyboard */ = {
			isa = PBXVariantGroup;
			children = (
				61A6A3F41DF9291C00EDCFE9 /* Base */,
			);
			name = Main.storyboard;
			sourceTree = "<group>";
		};
		61A6A3F81DF9291C00EDCFE9 /* LaunchScreen.storyboard */ = {
			isa = PBXVariantGroup;
			children = (
				61A6A3F91DF9291C00EDCFE9 /* Base */,
			);
			name = LaunchScreen.storyboard;
			sourceTree = "<group>";
		};
/* End PBXVariantGroup section */

/* Begin XCBuildConfiguration section */
		61A6A4121DF9291C00EDCFE9 /* Debug */ = {
			isa = XCBuildConfiguration;
			buildSettings = {
				ALWAYS_SEARCH_USER_PATHS = NO;
				CLANG_ANALYZER_NONNULL = YES;
				CLANG_CXX_LANGUAGE_STANDARD = "gnu++0x";
				CLANG_CXX_LIBRARY = "libc++";
				CLANG_ENABLE_MODULES = YES;
				CLANG_ENABLE_OBJC_ARC = YES;
				CLANG_WARN_BOOL_CONVERSION = YES;
				CLANG_WARN_CONSTANT_CONVERSION = YES;
				CLANG_WARN_DIRECT_OBJC_ISA_USAGE = YES_ERROR;
				CLANG_WARN_DOCUMENTATION_COMMENTS = YES;
				CLANG_WARN_EMPTY_BODY = YES;
				CLANG_WARN_ENUM_CONVERSION = YES;
				CLANG_WARN_INFINITE_RECURSION = YES;
				CLANG_WARN_INT_CONVERSION = YES;
				CLANG_WARN_OBJC_ROOT_CLASS = YES_ERROR;
				CLANG_WARN_SUSPICIOUS_MOVES = YES;
				CLANG_WARN_UNREACHABLE_CODE = YES;
				CLANG_WARN__DUPLICATE_METHOD_MATCH = YES;
				"CODE_SIGN_IDENTITY[sdk=iphoneos*]" = "iPhone Developer";
				COPY_PHASE_STRIP = NO;
				DEBUG_INFORMATION_FORMAT = dwarf;
				ENABLE_STRICT_OBJC_MSGSEND = YES;
				ENABLE_TESTABILITY = YES;
				GCC_C_LANGUAGE_STANDARD = gnu99;
				GCC_DYNAMIC_NO_PIC = NO;
				GCC_NO_COMMON_BLOCKS = YES;
				GCC_OPTIMIZATION_LEVEL = 0;
				GCC_PREPROCESSOR_DEFINITIONS = (
					"DEBUG=1",
					"$(inherited)",
				);
				GCC_WARN_64_TO_32_BIT_CONVERSION = YES;
				GCC_WARN_ABOUT_RETURN_TYPE = YES_ERROR;
				GCC_WARN_UNDECLARED_SELECTOR = YES;
				GCC_WARN_UNINITIALIZED_AUTOS = YES_AGGRESSIVE;
				GCC_WARN_UNUSED_FUNCTION = YES;
				GCC_WARN_UNUSED_VARIABLE = YES;
				IPHONEOS_DEPLOYMENT_TARGET = 10.1;
				MTL_ENABLE_DEBUG_INFO = YES;
				ONLY_ACTIVE_ARCH = YES;
				SDKROOT = iphoneos;
				SWIFT_ACTIVE_COMPILATION_CONDITIONS = DEBUG;
				SWIFT_OPTIMIZATION_LEVEL = "-Onone";
				TARGETED_DEVICE_FAMILY = "1,2";
			};
			name = Debug;
		};
		61A6A4131DF9291C00EDCFE9 /* Release */ = {
			isa = XCBuildConfiguration;
			buildSettings = {
				ALWAYS_SEARCH_USER_PATHS = NO;
				CLANG_ANALYZER_NONNULL = YES;
				CLANG_CXX_LANGUAGE_STANDARD = "gnu++0x";
				CLANG_CXX_LIBRARY = "libc++";
				CLANG_ENABLE_MODULES = YES;
				CLANG_ENABLE_OBJC_ARC = YES;
				CLANG_WARN_BOOL_CONVERSION = YES;
				CLANG_WARN_CONSTANT_CONVERSION = YES;
				CLANG_WARN_DIRECT_OBJC_ISA_USAGE = YES_ERROR;
				CLANG_WARN_DOCUMENTATION_COMMENTS = YES;
				CLANG_WARN_EMPTY_BODY = YES;
				CLANG_WARN_ENUM_CONVERSION = YES;
				CLANG_WARN_INFINITE_RECURSION = YES;
				CLANG_WARN_INT_CONVERSION = YES;
				CLANG_WARN_OBJC_ROOT_CLASS = YES_ERROR;
				CLANG_WARN_SUSPICIOUS_MOVES = YES;
				CLANG_WARN_UNREACHABLE_CODE = YES;
				CLANG_WARN__DUPLICATE_METHOD_MATCH = YES;
				"CODE_SIGN_IDENTITY[sdk=iphoneos*]" = "iPhone Developer";
				COPY_PHASE_STRIP = NO;
				DEBUG_INFORMATION_FORMAT = "dwarf-with-dsym";
				ENABLE_NS_ASSERTIONS = NO;
				ENABLE_STRICT_OBJC_MSGSEND = YES;
				GCC_C_LANGUAGE_STANDARD = gnu99;
				GCC_NO_COMMON_BLOCKS = YES;
				GCC_WARN_64_TO_32_BIT_CONVERSION = YES;
				GCC_WARN_ABOUT_RETURN_TYPE = YES_ERROR;
				GCC_WARN_UNDECLARED_SELECTOR = YES;
				GCC_WARN_UNINITIALIZED_AUTOS = YES_AGGRESSIVE;
				GCC_WARN_UNUSED_FUNCTION = YES;
				GCC_WARN_UNUSED_VARIABLE = YES;
				IPHONEOS_DEPLOYMENT_TARGET = 10.1;
				MTL_ENABLE_DEBUG_INFO = NO;
				SDKROOT = iphoneos;
				SWIFT_OPTIMIZATION_LEVEL = "-Owholemodule";
				TARGETED_DEVICE_FAMILY = "1,2";
				VALIDATE_PRODUCT = YES;
			};
			name = Release;
		};
		61A6A4151DF9291C00EDCFE9 /* Debug */ = {
			isa = XCBuildConfiguration;
			buildSettings = {
				ASSETCATALOG_COMPILER_APPICON_NAME = AppIcon;
				DEVELOPMENT_TEAM = CZ6V6LX65L;
				INFOPLIST_FILE = CALK5/Info.plist;
				LD_RUNPATH_SEARCH_PATHS = "$(inherited) @executable_path/Frameworks";
				PRODUCT_BUNDLE_IDENTIFIER = com.AppleSucks.CALK5;
				PRODUCT_NAME = "$(TARGET_NAME)";
				SWIFT_VERSION = 3.0;
			};
			name = Debug;
		};
		61A6A4161DF9291C00EDCFE9 /* Release */ = {
			isa = XCBuildConfiguration;
			buildSettings = {
				ASSETCATALOG_COMPILER_APPICON_NAME = AppIcon;
				DEVELOPMENT_TEAM = CZ6V6LX65L;
				INFOPLIST_FILE = CALK5/Info.plist;
				LD_RUNPATH_SEARCH_PATHS = "$(inherited) @executable_path/Frameworks";
				PRODUCT_BUNDLE_IDENTIFIER = com.AppleSucks.CALK5;
				PRODUCT_NAME = "$(TARGET_NAME)";
				SWIFT_VERSION = 3.0;
			};
			name = Release;
		};
		61A6A4181DF9291C00EDCFE9 /* Debug */ = {
			isa = XCBuildConfiguration;
			buildSettings = {
				ALWAYS_EMBED_SWIFT_STANDARD_LIBRARIES = YES;
				BUNDLE_LOADER = "$(TEST_HOST)";
				DEVELOPMENT_TEAM = CZ6V6LX65L;
				INFOPLIST_FILE = CALK5Tests/Info.plist;
				LD_RUNPATH_SEARCH_PATHS = "$(inherited) @executable_path/Frameworks @loader_path/Frameworks";
				PRODUCT_BUNDLE_IDENTIFIER = com.AppleSucks.CALK5Tests;
				PRODUCT_NAME = "$(TARGET_NAME)";
				SWIFT_VERSION = 3.0;
				TEST_HOST = "$(BUILT_PRODUCTS_DIR)/CALK5.app/CALK5";
			};
			name = Debug;
		};
		61A6A4191DF9291C00EDCFE9 /* Release */ = {
			isa = XCBuildConfiguration;
			buildSettings = {
				ALWAYS_EMBED_SWIFT_STANDARD_LIBRARIES = YES;
				BUNDLE_LOADER = "$(TEST_HOST)";
				DEVELOPMENT_TEAM = CZ6V6LX65L;
				INFOPLIST_FILE = CALK5Tests/Info.plist;
				LD_RUNPATH_SEARCH_PATHS = "$(inherited) @executable_path/Frameworks @loader_path/Frameworks";
				PRODUCT_BUNDLE_IDENTIFIER = com.AppleSucks.CALK5Tests;
				PRODUCT_NAME = "$(TARGET_NAME)";
				SWIFT_VERSION = 3.0;
				TEST_HOST = "$(BUILT_PRODUCTS_DIR)/CALK5.app/CALK5";
			};
			name = Release;
		};
		61A6A41B1DF9291C00EDCFE9 /* Debug */ = {
			isa = XCBuildConfiguration;
			buildSettings = {
				ALWAYS_EMBED_SWIFT_STANDARD_LIBRARIES = YES;
				DEVELOPMENT_TEAM = CZ6V6LX65L;
				INFOPLIST_FILE = CALK5UITests/Info.plist;
				LD_RUNPATH_SEARCH_PATHS = "$(inherited) @executable_path/Frameworks @loader_path/Frameworks";
				PRODUCT_BUNDLE_IDENTIFIER = com.AppleSucks.CALK5UITests;
				PRODUCT_NAME = "$(TARGET_NAME)";
				SWIFT_VERSION = 3.0;
				TEST_TARGET_NAME = CALK5;
			};
			name = Debug;
		};
		61A6A41C1DF9291C00EDCFE9 /* Release */ = {
			isa = XCBuildConfiguration;
			buildSettings = {
				ALWAYS_EMBED_SWIFT_STANDARD_LIBRARIES = YES;
				DEVELOPMENT_TEAM = CZ6V6LX65L;
				INFOPLIST_FILE = CALK5UITests/Info.plist;
				LD_RUNPATH_SEARCH_PATHS = "$(inherited) @executable_path/Frameworks @loader_path/Frameworks";
				PRODUCT_BUNDLE_IDENTIFIER = com.AppleSucks.CALK5UITests;
				PRODUCT_NAME = "$(TARGET_NAME)";
				SWIFT_VERSION = 3.0;
				TEST_TARGET_NAME = CALK5;
			};
			name = Release;
		};
/* End XCBuildConfiguration section */

/* Begin XCConfigurationList section */
		61A6A3E71DF9291C00EDCFE9 /* Build configuration list for PBXProject "CALK5" */ = {
			isa = XCConfigurationList;
			buildConfigurations = (
				61A6A4121DF9291C00EDCFE9 /* Debug */,
				61A6A4131DF9291C00EDCFE9 /* Release */,
			);
			defaultConfigurationIsVisible = 0;
			defaultConfigurationName = Release;
		};
		61A6A4141DF9291C00EDCFE9 /* Build configuration list for PBXNativeTarget "CALK5" */ = {
			isa = XCConfigurationList;
			buildConfigurations = (
				61A6A4151DF9291C00EDCFE9 /* Debug */,
				61A6A4161DF9291C00EDCFE9 /* Release */,
			);
			defaultConfigurationIsVisible = 0;
		};
		61A6A4171DF9291C00EDCFE9 /* Build configuration list for PBXNativeTarget "CALK5Tests" */ = {
			isa = XCConfigurationList;
			buildConfigurations = (
				61A6A4181DF9291C00EDCFE9 /* Debug */,
				61A6A4191DF9291C00EDCFE9 /* Release */,
			);
			defaultConfigurationIsVisible = 0;
		};
		61A6A41A1DF9291C00EDCFE9 /* Build configuration list for PBXNativeTarget "CALK5UITests" */ = {
			isa = XCConfigurationList;
			buildConfigurations = (
				61A6A41B1DF9291C00EDCFE9 /* Debug */,
				61A6A41C1DF9291C00EDCFE9 /* Release */,
			);
			defaultConfigurationIsVisible = 0;
		};
/* End XCConfigurationList section */
	};
	rootObject = 61A6A3E41DF9291C00EDCFE9 /* Project object */;
}
